
Microsoft Visual Studio Solution File, Format Version 12.00
# Visual Studio 15
VisualStudioVersion = 15.0.28307.572
MinimumVisualStudioVersion = 10.0.40219.1
Project("{FAE04EC0-301F-11D3-BF4B-00C04F79EFBC}") = "AbstractFactory", "AbstractFactory\AbstractFactory.csproj", "{DACD7D42-A91D-42B8-90F8-089DF5495A3A}"
EndProject
Project("{FAE04EC0-301F-11D3-BF4B-00C04F79EFBC}") = "AutoFactory", "AutoFactory\AutoFactory.csproj", "{7769D283-F325-48BB-91B8-8C146E2CEF74}"
EndProject
Project("{FAE04EC0-301F-11D3-BF4B-00C04F79EFBC}") = "ComputerFactory", "ComputerFactory\ComputerFactory.csproj", "{351FC9E4-CA2F-4D1C-99E2-BE64E9A24D13}"
EndProject
Global
	GlobalSection(SolutionConfigurationPlatforms) = preSolution
		Debug|Any CPU = Debug|Any CPU
		Release|Any CPU = Release|Any CPU
	EndGlobalSection
	GlobalSection(ProjectConfigurationPlatforms) = postSolution
		{DACD7D42-A91D-42B8-90F8-089DF5495A3A}.Debug|Any CPU.ActiveCfg = Debug|Any CPU
		{DACD7D42-A91D-42B8-90F8-089DF5495A3A}.Debug|Any CPU.Build.0 = Debug|Any CPU
		{DACD7D42-A91D-42B8-90F8-089DF5495A3A}.Release|Any CPU.ActiveCfg = Release|Any CPU
		{DACD7D42-A91D-42B8-90F8-089DF5495A3A}.Release|Any CPU.Build.0 = Release|Any CPU
		{7769D283-F325-48BB-91B8-8C146E2CEF74}.Debug|Any CPU.ActiveCfg = Debug|Any CPU
		{7769D283-F325-48BB-91B8-8C146E2CEF74}.Debug|Any CPU.Build.0 = Debug|Any CPU
		{7769D283-F325-48BB-91B8-8C146E2CEF74}.Release|Any CPU.ActiveCfg = Release|Any CPU
		{7769D283-F325-48BB-91B8-8C146E2CEF74}.Release|Any CPU.Build.0 = Release|Any CPU
		{351FC9E4-CA2F-4D1C-99E2-BE64E9A24D13}.Debug|Any CPU.ActiveCfg = Debug|Any CPU
		{351FC9E4-CA2F-4D1C-99E2-BE64E9A24D13}.Debug|Any CPU.Build.0 = Debug|Any CPU
		{351FC9E4-CA2F-4D1C-99E2-BE64E9A24D13}.Release|Any CPU.ActiveCfg = Release|Any CPU
		{351FC9E4-CA2F-4D1C-99E2-BE64E9A24D13}.Release|Any CPU.Build.0 = Release|Any CPU
	EndGlobalSection
	GlobalSection(SolutionProperties) = preSolution
		HideSolutionNode = FALSE
	EndGlobalSection
	GlobalSection(ExtensibilityGlobals) = postSolution
		SolutionGuid = {D6533986-0ECA-458E-850E-7E5A4FB29BF9}
	EndGlobalSection
EndGlobal
